
Microsoft Visual Studio Solution File, Format Version 12.00
# Visual Studio Version 16
VisualStudioVersion = 16.0.30804.86
MinimumVisualStudioVersion = 10.0.40219.1
Project("{FAE04EC0-301F-11D3-BF4B-00C04F79EFBC}") = "BackendProductApi", "BackendProductApi\BackendProductApi.csproj", "{18D89FBE-9E30-468D-A066-5B6E8761F144}"
EndProject
Project("{FAE04EC0-301F-11D3-BF4B-00C04F79EFBC}") = "BackendProductApiTest", "BackendProductApiTest\BackendProductApiTest.csproj", "{DDB73A23-09F4-49B0-90BA-ECF27E04ADC3}"
EndProject
Global
	GlobalSection(SolutionConfigurationPlatforms) = preSolution
		Debug|Any CPU = Debug|Any CPU
		Release|Any CPU = Release|Any CPU
	EndGlobalSection
	GlobalSection(ProjectConfigurationPlatforms) = postSolution
		{18D89FBE-9E30-468D-A066-5B6E8761F144}.Debug|Any CPU.ActiveCfg = Debug|Any CPU
		{18D89FBE-9E30-468D-A066-5B6E8761F144}.Debug|Any CPU.Build.0 = Debug|Any CPU
		{18D89FBE-9E30-468D-A066-5B6E8761F144}.Release|Any CPU.ActiveCfg = Release|Any CPU
		{18D89FBE-9E30-468D-A066-5B6E8761F144}.Release|Any CPU.Build.0 = Release|Any CPU
		{DDB73A23-09F4-49B0-90BA-ECF27E04ADC3}.Debug|Any CPU.ActiveCfg = Debug|Any CPU
		{DDB73A23-09F4-49B0-90BA-ECF27E04ADC3}.Debug|Any CPU.Build.0 = Debug|Any CPU
		{DDB73A23-09F4-49B0-90BA-ECF27E04ADC3}.Release|Any CPU.ActiveCfg = Release|Any CPU
		{DDB73A23-09F4-49B0-90BA-ECF27E04ADC3}.Release|Any CPU.Build.0 = Release|Any CPU
	EndGlobalSection
	GlobalSection(SolutionProperties) = preSolution
		HideSolutionNode = FALSE
	EndGlobalSection
	GlobalSection(ExtensibilityGlobals) = postSolution
		SolutionGuid = {83919E6D-8B15-450C-822D-E6D09C7FC48D}
	EndGlobalSection
EndGlobal
