
Microsoft Visual Studio Solution File, Format Version 12.00
# Visual Studio Version 16
VisualStudioVersion = 16.0.30413.136
MinimumVisualStudioVersion = 10.0.40219.1
Project("{9A19103F-16F7-4668-BE54-9A1E7A4F7556}") = "InnoLoft", "InnoLoft.csproj", "{26FF1423-A7DE-4C0C-91FD-A8D5C52F2E96}"
EndProject
Project("{9A19103F-16F7-4668-BE54-9A1E7A4F7556}") = "BAL", "..\BAL\BAL.csproj", "{BDB8A6D6-D153-4E8F-9728-73EE9DDB1B04}"
EndProject
Project("{9A19103F-16F7-4668-BE54-9A1E7A4F7556}") = "DAL", "..\DAL\DAL.csproj", "{B18732F9-F6CA-447A-84F6-C6A9D039ADF2}"
EndProject
Global
	GlobalSection(SolutionConfigurationPlatforms) = preSolution
		Debug|Any CPU = Debug|Any CPU
		Release|Any CPU = Release|Any CPU
	EndGlobalSection
	GlobalSection(ProjectConfigurationPlatforms) = postSolution
		{26FF1423-A7DE-4C0C-91FD-A8D5C52F2E96}.Debug|Any CPU.ActiveCfg = Debug|Any CPU
		{26FF1423-A7DE-4C0C-91FD-A8D5C52F2E96}.Debug|Any CPU.Build.0 = Debug|Any CPU
		{26FF1423-A7DE-4C0C-91FD-A8D5C52F2E96}.Release|Any CPU.ActiveCfg = Release|Any CPU
		{26FF1423-A7DE-4C0C-91FD-A8D5C52F2E96}.Release|Any CPU.Build.0 = Release|Any CPU
		{BDB8A6D6-D153-4E8F-9728-73EE9DDB1B04}.Debug|Any CPU.ActiveCfg = Debug|Any CPU
		{BDB8A6D6-D153-4E8F-9728-73EE9DDB1B04}.Debug|Any CPU.Build.0 = Debug|Any CPU
		{BDB8A6D6-D153-4E8F-9728-73EE9DDB1B04}.Release|Any CPU.ActiveCfg = Release|Any CPU
		{BDB8A6D6-D153-4E8F-9728-73EE9DDB1B04}.Release|Any CPU.Build.0 = Release|Any CPU
		{B18732F9-F6CA-447A-84F6-C6A9D039ADF2}.Debug|Any CPU.ActiveCfg = Debug|Any CPU
		{B18732F9-F6CA-447A-84F6-C6A9D039ADF2}.Debug|Any CPU.Build.0 = Debug|Any CPU
		{B18732F9-F6CA-447A-84F6-C6A9D039ADF2}.Release|Any CPU.ActiveCfg = Release|Any CPU
		{B18732F9-F6CA-447A-84F6-C6A9D039ADF2}.Release|Any CPU.Build.0 = Release|Any CPU
	EndGlobalSection
	GlobalSection(SolutionProperties) = preSolution
		HideSolutionNode = FALSE
	EndGlobalSection
	GlobalSection(ExtensibilityGlobals) = postSolution
		SolutionGuid = {EF53C913-9B88-4121-996B-3D0B79EDCE19}
	EndGlobalSection
EndGlobal
