
Microsoft Visual Studio Solution File, Format Version 12.00
# Visual Studio Version 16
VisualStudioVersion = 16.0.30717.126
MinimumVisualStudioVersion = 10.0.40219.1
Project("{9A19103F-16F7-4668-BE54-9A1E7A4F7556}") = "BackendApplication", "BackendApplication\BackendApplication.csproj", "{1BC26594-9180-45B0-82E0-CA56B192A64E}"
EndProject
Project("{9A19103F-16F7-4668-BE54-9A1E7A4F7556}") = "XUnitTestProject", "XUnitTestProject\XUnitTestProject.csproj", "{D52DEB74-78AF-4A9C-BE5B-67D1957531F9}"
EndProject
Global
	GlobalSection(SolutionConfigurationPlatforms) = preSolution
		Debug|Any CPU = Debug|Any CPU
		Release|Any CPU = Release|Any CPU
	EndGlobalSection
	GlobalSection(ProjectConfigurationPlatforms) = postSolution
		{1BC26594-9180-45B0-82E0-CA56B192A64E}.Debug|Any CPU.ActiveCfg = Debug|Any CPU
		{1BC26594-9180-45B0-82E0-CA56B192A64E}.Debug|Any CPU.Build.0 = Debug|Any CPU
		{1BC26594-9180-45B0-82E0-CA56B192A64E}.Release|Any CPU.ActiveCfg = Release|Any CPU
		{1BC26594-9180-45B0-82E0-CA56B192A64E}.Release|Any CPU.Build.0 = Release|Any CPU
		{D52DEB74-78AF-4A9C-BE5B-67D1957531F9}.Debug|Any CPU.ActiveCfg = Debug|Any CPU
		{D52DEB74-78AF-4A9C-BE5B-67D1957531F9}.Debug|Any CPU.Build.0 = Debug|Any CPU
		{D52DEB74-78AF-4A9C-BE5B-67D1957531F9}.Release|Any CPU.ActiveCfg = Release|Any CPU
		{D52DEB74-78AF-4A9C-BE5B-67D1957531F9}.Release|Any CPU.Build.0 = Release|Any CPU
	EndGlobalSection
	GlobalSection(SolutionProperties) = preSolution
		HideSolutionNode = FALSE
	EndGlobalSection
	GlobalSection(ExtensibilityGlobals) = postSolution
		SolutionGuid = {D83F62E3-1318-4089-80A0-7C149522DD2D}
	EndGlobalSection
EndGlobal
